
Microsoft Visual Studio Solution File, Format Version 12.00
# Visual Studio Version 17
VisualStudioVersion = 17.7.34031.279
MinimumVisualStudioVersion = 10.0.40219.1
Project("{FAE04EC0-301F-11D3-BF4B-00C04F79EFBC}") = "Abonados betis2", "Abonados betis2.csproj", "{A087856D-A734-4B5A-B418-A60895BFF88A}"
EndProject
Global
	GlobalSection(SolutionConfigurationPlatforms) = preSolution
		Debug|Any CPU = Debug|Any CPU
		Release|Any CPU = Release|Any CPU
	EndGlobalSection
	GlobalSection(ProjectConfigurationPlatforms) = postSolution
		{A087856D-A734-4B5A-B418-A60895BFF88A}.Debug|Any CPU.ActiveCfg = Debug|Any CPU
		{A087856D-A734-4B5A-B418-A60895BFF88A}.Debug|Any CPU.Build.0 = Debug|Any CPU
		{A087856D-A734-4B5A-B418-A60895BFF88A}.Release|Any CPU.ActiveCfg = Release|Any CPU
		{A087856D-A734-4B5A-B418-A60895BFF88A}.Release|Any CPU.Build.0 = Release|Any CPU
	EndGlobalSection
	GlobalSection(SolutionProperties) = preSolution
		HideSolutionNode = FALSE
	EndGlobalSection
	GlobalSection(ExtensibilityGlobals) = postSolution
		SolutionGuid = {8F37E9A0-490A-4A14-A84F-A169A2AE7AEE}
	EndGlobalSection
EndGlobal
